
Microsoft Visual Studio Solution File, Format Version 12.00
# Visual Studio Version 16
VisualStudioVersion = 16.0.32002.261
MinimumVisualStudioVersion = 10.0.40219.1
Project("{FAE04EC0-301F-11D3-BF4B-00C04F79EFBC}") = "warehouse", "warehouse\warehouse.csproj", "{B0F0E0F8-1409-4DED-A310-C2DBBE2A2B7C}"
EndProject
Global
	GlobalSection(SolutionConfigurationPlatforms) = preSolution
		Debug|Any CPU = Debug|Any CPU
		Release|Any CPU = Release|Any CPU
	EndGlobalSection
	GlobalSection(ProjectConfigurationPlatforms) = postSolution
		{B0F0E0F8-1409-4DED-A310-C2DBBE2A2B7C}.Debug|Any CPU.ActiveCfg = Debug|Any CPU
		{B0F0E0F8-1409-4DED-A310-C2DBBE2A2B7C}.Debug|Any CPU.Build.0 = Debug|Any CPU
		{B0F0E0F8-1409-4DED-A310-C2DBBE2A2B7C}.Release|Any CPU.ActiveCfg = Release|Any CPU
		{B0F0E0F8-1409-4DED-A310-C2DBBE2A2B7C}.Release|Any CPU.Build.0 = Release|Any CPU
	EndGlobalSection
	GlobalSection(SolutionProperties) = preSolution
		HideSolutionNode = FALSE
	EndGlobalSection
	GlobalSection(ExtensibilityGlobals) = postSolution
		SolutionGuid = {DD913AEA-6060-4D32-BA7B-92BC2E9E5922}
	EndGlobalSection
EndGlobal
